
Microsoft Visual Studio Solution File, Format Version 12.00
# Visual Studio Version 17
VisualStudioVersion = 17.9.34622.214
MinimumVisualStudioVersion = 10.0.40219.1
Project("{FAE04EC0-301F-11D3-BF4B-00C04F79EFBC}") = "tree", "tree\tree.csproj", "{46272D3C-CAA9-483F-B976-4B1577BF90BE}"
EndProject
Global
	GlobalSection(SolutionConfigurationPlatforms) = preSolution
		Debug|Any CPU = Debug|Any CPU
		Release|Any CPU = Release|Any CPU
	EndGlobalSection
	GlobalSection(ProjectConfigurationPlatforms) = postSolution
		{46272D3C-CAA9-483F-B976-4B1577BF90BE}.Debug|Any CPU.ActiveCfg = Debug|Any CPU
		{46272D3C-CAA9-483F-B976-4B1577BF90BE}.Debug|Any CPU.Build.0 = Debug|Any CPU
		{46272D3C-CAA9-483F-B976-4B1577BF90BE}.Release|Any CPU.ActiveCfg = Release|Any CPU
		{46272D3C-CAA9-483F-B976-4B1577BF90BE}.Release|Any CPU.Build.0 = Release|Any CPU
	EndGlobalSection
	GlobalSection(SolutionProperties) = preSolution
		HideSolutionNode = FALSE
	EndGlobalSection
	GlobalSection(ExtensibilityGlobals) = postSolution
		SolutionGuid = {55157221-E6E1-4E42-9E2B-0A1F18F481EE}
	EndGlobalSection
EndGlobal
